
Microsoft Visual Studio Solution File, Format Version 12.00
# Visual Studio Version 17
VisualStudioVersion = 17.10.35122.118
MinimumVisualStudioVersion = 10.0.40219.1
Project("{FAE04EC0-301F-11D3-BF4B-00C04F79EFBC}") = "week13_DependencyInjection", "week13_DependencyInjection\week13_DependencyInjection.csproj", "{685D5DFE-870E-4473-8F4B-320C45FEB43E}"
EndProject
Global
	GlobalSection(SolutionConfigurationPlatforms) = preSolution
		Debug|Any CPU = Debug|Any CPU
		Release|Any CPU = Release|Any CPU
	EndGlobalSection
	GlobalSection(ProjectConfigurationPlatforms) = postSolution
		{685D5DFE-870E-4473-8F4B-320C45FEB43E}.Debug|Any CPU.ActiveCfg = Debug|Any CPU
		{685D5DFE-870E-4473-8F4B-320C45FEB43E}.Debug|Any CPU.Build.0 = Debug|Any CPU
		{685D5DFE-870E-4473-8F4B-320C45FEB43E}.Release|Any CPU.ActiveCfg = Release|Any CPU
		{685D5DFE-870E-4473-8F4B-320C45FEB43E}.Release|Any CPU.Build.0 = Release|Any CPU
	EndGlobalSection
	GlobalSection(SolutionProperties) = preSolution
		HideSolutionNode = FALSE
	EndGlobalSection
	GlobalSection(ExtensibilityGlobals) = postSolution
		SolutionGuid = {82E673E0-159F-449F-8F35-FFFF10DB8FA6}
	EndGlobalSection
EndGlobal
